
Microsoft Visual Studio Solution File, Format Version 12.00
# Visual Studio Version 17
VisualStudioVersion = 17.5.33530.505
MinimumVisualStudioVersion = 10.0.40219.1
Project("{FAE04EC0-301F-11D3-BF4B-00C04F79EFBC}") = "CallNetFromJavascript", "CallNetFromJavascript\CallNetFromJavascript.csproj", "{AA226D3B-9ECB-420B-AB15-DEF4B03FB38A}"
EndProject
Global
	GlobalSection(SolutionConfigurationPlatforms) = preSolution
		Debug|Any CPU = Debug|Any CPU
		Release|Any CPU = Release|Any CPU
	EndGlobalSection
	GlobalSection(ProjectConfigurationPlatforms) = postSolution
		{AA226D3B-9ECB-420B-AB15-DEF4B03FB38A}.Debug|Any CPU.ActiveCfg = Debug|Any CPU
		{AA226D3B-9ECB-420B-AB15-DEF4B03FB38A}.Debug|Any CPU.Build.0 = Debug|Any CPU
		{AA226D3B-9ECB-420B-AB15-DEF4B03FB38A}.Release|Any CPU.ActiveCfg = Release|Any CPU
		{AA226D3B-9ECB-420B-AB15-DEF4B03FB38A}.Release|Any CPU.Build.0 = Release|Any CPU
	EndGlobalSection
	GlobalSection(SolutionProperties) = preSolution
		HideSolutionNode = FALSE
	EndGlobalSection
	GlobalSection(ExtensibilityGlobals) = postSolution
		SolutionGuid = {A0C254C4-DFB3-44FF-BDCF-4BF3BD03FCF3}
	EndGlobalSection
EndGlobal
